
Microsoft Visual Studio Solution File, Format Version 12.00
# Visual Studio 14
VisualStudioVersion = 14.0.25420.1
MinimumVisualStudioVersion = 10.0.40219.1
Project("{FAE04EC0-301F-11D3-BF4B-00C04F79EFBC}") = "JanitorsCloset", "JanitorsCloset\JanitorsCloset.csproj", "{E46D419E-3857-4A29-B319-6C14E5093E04}"
EndProject
Project("{2150E333-8FDC-42A3-9474-1A3956D46DE8}") = "Solution Items", "Solution Items", "{7F692D76-80B4-4B37-BBEF-26A00C5B9BE6}"
	ProjectSection(SolutionItems) = preProject
		buildRelease.bat = buildRelease.bat
		Changelog.txt = Changelog.txt
		deploy.bat = deploy.bat
		JanitorsCloset.version = JanitorsCloset.version
	EndProjectSection
EndProject
Global
	GlobalSection(SolutionConfigurationPlatforms) = preSolution
		Debug|Any CPU = Debug|Any CPU
		Release|Any CPU = Release|Any CPU
	EndGlobalSection
	GlobalSection(ProjectConfigurationPlatforms) = postSolution
		{E46D419E-3857-4A29-B319-6C14E5093E04}.Debug|Any CPU.ActiveCfg = Debug|Any CPU
		{E46D419E-3857-4A29-B319-6C14E5093E04}.Debug|Any CPU.Build.0 = Debug|Any CPU
		{E46D419E-3857-4A29-B319-6C14E5093E04}.Release|Any CPU.ActiveCfg = Release|Any CPU
		{E46D419E-3857-4A29-B319-6C14E5093E04}.Release|Any CPU.Build.0 = Release|Any CPU
	EndGlobalSection
	GlobalSection(SolutionProperties) = preSolution
		HideSolutionNode = FALSE
	EndGlobalSection
EndGlobal
